# This is a Gradle generated file for dependency locking.
# Manual edits can break the build and are not advised.
# This file is expected to be part of source control.
# To regenerate this file, run: ./gradlew :edc-extensions:dependencies --write-locks
com.apicatalog:carbon-did:0.3.0=compileClasspath,runtimeClasspath,testCompileClasspath,testRuntimeClasspath
com.apicatalog:copper-multibase:0.5.0=compileClasspath,runtimeClasspath,testCompileClasspath,testRuntimeClasspath
com.apicatalog:copper-multicodec:0.1.1=compileClasspath,runtimeClasspath,testCompileClasspath,testRuntimeClasspath
com.apicatalog:iron-verifiable-credentials:0.14.0=compileClasspath,runtimeClasspath,testCompileClasspath,testRuntimeClasspath
com.apicatalog:titanium-json-ld:1.4.0=compileClasspath,runtimeClasspath,testCompileClasspath,testRuntimeClasspath
com.fasterxml.jackson.core:jackson-annotations:2.22=compileClasspath,runtimeClasspath,testCompileClasspath,testRuntimeClasspath
com.fasterxml.jackson.core:jackson-core:2.22.3=compileClasspath,runtimeClasspath,testCompileClasspath,testRuntimeClasspath
com.fasterxml.jackson.core:jackson-databind:2.22.3=compileClasspath,runtimeClasspath,testCompileClasspath,testRuntimeClasspath
com.fasterxml.jackson:jackson-bom:2.22.3=compileClasspath,runtimeClasspath,testCompileClasspath,testRuntimeClasspath
com.nimbusds:nimbus-jose-jwt:10.9.1=compileClasspath,runtimeClasspath,testCompileClasspath,testRuntimeClasspath
com.squareup.okhttp3:okhttp-dnsoverhttps:5.3.2=testRuntimeClasspath
com.squareup.okhttp3:okhttp-jvm:5.5.0=compileClasspath,runtimeClasspath,testCompileClasspath,testRuntimeClasspath
com.squareup.okhttp3:okhttp:5.5.0=compileClasspath,runtimeClasspath,testCompileClasspath,testRuntimeClasspath
com.squareup.okio:okio-jvm:3.18.1=compileClasspath,runtimeClasspath,testCompileClasspath,testRuntimeClasspath
com.squareup.okio:okio:3.18.1=compileClasspath,runtimeClasspath,testCompileClasspath,testRuntimeClasspath
dev.failsafe:failsafe-okhttp:3.3.2=compileClasspath,testCompileClasspath,testRuntimeClasspath
dev.failsafe:failsafe:3.3.2=compileClasspath,runtimeClasspath,testCompileClasspath,testRuntimeClasspath
io.opentelemetry:opentelemetry-api:1.32.0=runtimeClasspath,testRuntimeClasspath
io.opentelemetry:opentelemetry-context:1.32.0=runtimeClasspath,testRuntimeClasspath
io.setl:rdf-urdna:1.1=compileClasspath,runtimeClasspath,testCompileClasspath,testRuntimeClasspath
jakarta.annotation:jakarta.annotation-api:3.0.0=runtimeClasspath,testRuntimeClasspath
jakarta.json:jakarta.json-api:2.1.3=compileClasspath,runtimeClasspath,testCompileClasspath,testRuntimeClasspath
jakarta.servlet:jakarta.servlet-api:6.1.0=compileClasspath,runtimeClasspath,testCompileClasspath,testRuntimeClasspath
jakarta.ws.rs:jakarta.ws.rs-api:4.0.0=compileClasspath,runtimeClasspath,testCompileClasspath,testRuntimeClasspath
org.apiguardian:apiguardian-api:1.1.2=testCompileClasspath
org.eclipse.edc:asset-spi:0.18.0=compileClasspath,runtimeClasspath,testCompileClasspath,testRuntimeClasspath
org.eclipse.edc:auth-spi:0.18.0=compileClasspath,runtimeClasspath,testCompileClasspath,testRuntimeClasspath
org.eclipse.edc:boot-spi:0.18.0=compileClasspath,runtimeClasspath,testCompileClasspath,testRuntimeClasspath
org.eclipse.edc:catalog-spi:0.18.0=compileClasspath,runtimeClasspath,testCompileClasspath,testRuntimeClasspath
org.eclipse.edc:cel-spi:0.18.0=compileClasspath
org.eclipse.edc:connector-participant-context-spi:0.18.0=compileClasspath,runtimeClasspath,testCompileClasspath,testRuntimeClasspath
org.eclipse.edc:contract-spi:0.18.0=compileClasspath,runtimeClasspath,testCompileClasspath,testRuntimeClasspath
org.eclipse.edc:control-plane-transform:0.18.0=compileClasspath
org.eclipse.edc:core-spi:0.18.0=compileClasspath,runtimeClasspath,testCompileClasspath,testRuntimeClasspath
org.eclipse.edc:data-plane-spi:0.18.0=compileClasspath,runtimeClasspath,testCompileClasspath,testRuntimeClasspath
org.eclipse.edc:http-lib:0.18.0=compileClasspath,testCompileClasspath,testRuntimeClasspath
org.eclipse.edc:http-spi:0.18.0=compileClasspath,testCompileClasspath,testRuntimeClasspath
org.eclipse.edc:identity-did-spi:0.18.0=compileClasspath,testCompileClasspath,testRuntimeClasspath
org.eclipse.edc:identity-did-web:0.18.0=compileClasspath,testCompileClasspath,testRuntimeClasspath
org.eclipse.edc:json-ld-spi:0.18.0=compileClasspath,testCompileClasspath,testRuntimeClasspath
org.eclipse.edc:jwt-spi:0.18.0=compileClasspath,runtimeClasspath,testCompileClasspath,testRuntimeClasspath
org.eclipse.edc:keys-spi:0.18.0=compileClasspath,runtimeClasspath,testCompileClasspath,testRuntimeClasspath
org.eclipse.edc:oauth2-spi:0.18.0=compileClasspath,runtimeClasspath,testCompileClasspath,testRuntimeClasspath
org.eclipse.edc:participant-context-config-spi:0.18.0=compileClasspath
org.eclipse.edc:participant-context-single-spi:0.18.0=compileClasspath,runtimeClasspath,testCompileClasspath,testRuntimeClasspath
org.eclipse.edc:participant-spi:0.18.0=compileClasspath,runtimeClasspath,testCompileClasspath,testRuntimeClasspath
org.eclipse.edc:policy-engine-spi:0.18.0=compileClasspath,runtimeClasspath,testCompileClasspath,testRuntimeClasspath
org.eclipse.edc:policy-model:0.18.0=compileClasspath,runtimeClasspath,testCompileClasspath,testRuntimeClasspath
org.eclipse.edc:policy-monitor-spi:0.18.0=compileClasspath,runtimeClasspath,testCompileClasspath,testRuntimeClasspath
org.eclipse.edc:policy-spi:0.18.0=compileClasspath,runtimeClasspath,testCompileClasspath,testRuntimeClasspath
org.eclipse.edc:protocol-spi:0.18.0=compileClasspath
org.eclipse.edc:runtime-metamodel:0.18.0=compileClasspath,runtimeClasspath,testCompileClasspath,testRuntimeClasspath
org.eclipse.edc:sql-bootstrapper:0.18.0=compileClasspath,testCompileClasspath,testRuntimeClasspath
org.eclipse.edc:sql-lib:0.18.0=testRuntimeClasspath
org.eclipse.edc:token-spi:0.18.0=compileClasspath,runtimeClasspath,testCompileClasspath,testRuntimeClasspath
org.eclipse.edc:transaction-datasource-spi:0.18.0=testRuntimeClasspath
org.eclipse.edc:transaction-spi:0.18.0=compileClasspath,runtimeClasspath,testCompileClasspath,testRuntimeClasspath
org.eclipse.edc:transfer-spi:0.18.0=compileClasspath,runtimeClasspath,testCompileClasspath,testRuntimeClasspath
org.eclipse.edc:transform-spi:0.18.0=compileClasspath,testCompileClasspath,testRuntimeClasspath
org.eclipse.edc:util-lib:0.18.0=compileClasspath,testCompileClasspath,testRuntimeClasspath
org.eclipse.edc:validator-spi:0.18.0=compileClasspath,runtimeClasspath,testCompileClasspath,testRuntimeClasspath
org.eclipse.edc:verifiable-credentials-spi:0.18.0=compileClasspath,runtimeClasspath,testCompileClasspath,testRuntimeClasspath
org.eclipse.edc:web-spi:0.18.0=compileClasspath,runtimeClasspath,testCompileClasspath,testRuntimeClasspath
org.eclipse.parsson:parsson:1.1.9=testRuntimeClasspath
org.glassfish:jakarta.json:2.0.1=compileClasspath,runtimeClasspath,testCompileClasspath,testRuntimeClasspath
org.jetbrains.kotlin:kotlin-stdlib:2.2.21=compileClasspath,runtimeClasspath,testCompileClasspath,testRuntimeClasspath
org.jetbrains:annotations:26.1.0=compileClasspath,runtimeClasspath,testCompileClasspath,testRuntimeClasspath
org.jspecify:jspecify:1.0.0=testCompileClasspath
org.junit.jupiter:junit-jupiter-api:6.1.3=testCompileClasspath,testRuntimeClasspath
org.junit.jupiter:junit-jupiter-engine:6.1.3=testRuntimeClasspath
org.junit.jupiter:junit-jupiter-params:6.1.3=testCompileClasspath,testRuntimeClasspath
org.junit.jupiter:junit-jupiter:6.1.3=testCompileClasspath,testRuntimeClasspath
org.junit.platform:junit-platform-commons:6.1.3=testCompileClasspath,testRuntimeClasspath
org.junit.platform:junit-platform-engine:6.1.3=testRuntimeClasspath
org.junit.platform:junit-platform-launcher:6.1.3=testRuntimeClasspath
org.junit:junit-bom:6.1.3=testCompileClasspath,testRuntimeClasspath
org.opentest4j:opentest4j:1.3.0=testCompileClasspath,testRuntimeClasspath
empty=annotationProcessor,testAnnotationProcessor
